// !$*UTF8*$!
{
	archiveVersion = 1;
	classes = {
	};
	objectVersion = 77;
	objects = {

/* Begin PBXBuildFile section */
		4AD03F052F66BC2600A0683A /* AppDelegate.swift in Sources */ = {isa = PBXBuildFile; fileRef = 4AD03F042F66BC2600A0683A /* AppDelegate.swift */; };
		4AD03F092F66BC2600A0683A /* Main.html in Resources */ = {isa = PBXBuildFile; fileRef = 4AD03F072F66BC2600A0683A /* Main.html */; };
		4AD03F0B2F66BC2600A0683A /* Icon.png in Resources */ = {isa = PBXBuildFile; fileRef = 4AD03F0A2F66BC2600A0683A /* Icon.png */; };
		4AD03F0D2F66BC2600A0683A /* Style.css in Resources */ = {isa = PBXBuildFile; fileRef = 4AD03F0C2F66BC2600A0683A /* Style.css */; };
		4AD03F0F2F66BC2600A0683A /* Script.js in Resources */ = {isa = PBXBuildFile; fileRef = 4AD03F0E2F66BC2600A0683A /* Script.js */; };
		4AD03F112F66BC2600A0683A /* ViewController.swift in Sources */ = {isa = PBXBuildFile; fileRef = 4AD03F102F66BC2600A0683A /* ViewController.swift */; };
		4AD03F142F66BC2600A0683A /* Main.storyboard in Resources */ = {isa = PBXBuildFile; fileRef = 4AD03F122F66BC2600A0683A /* Main.storyboard */; };
		4AD03F162F66BC2700A0683A /* Assets.xcassets in Resources */ = {isa = PBXBuildFile; fileRef = 4AD03F152F66BC2700A0683A /* Assets.xcassets */; };
		4AD03F1D2F66BC2700A0683A /* Flux Safari Extension.appex in Embed Foundation Extensions */ = {isa = PBXBuildFile; fileRef = 4AD03F1C2F66BC2700A0683A /* Flux Safari Extension.appex */; settings = {ATTRIBUTES = (RemoveHeadersOnCopy, ); }; };
		4AD03F222F66BC2700A0683A /* SafariWebExtensionHandler.swift in Sources */ = {isa = PBXBuildFile; fileRef = 4AD03F212F66BC2700A0683A /* SafariWebExtensionHandler.swift */; };
		4AD03F342F66BC2700A0683A /* popup.js in Resources */ = {isa = PBXBuildFile; fileRef = 4AD03F2E2F66BC2700A0683A /* popup.js */; };
		4AD03F352F66BC2700A0683A /* popup.html in Resources */ = {isa = PBXBuildFile; fileRef = 4AD03F2F2F66BC2700A0683A /* popup.html */; };
		4AD03F362F66BC2700A0683A /* README.md in Resources */ = {isa = PBXBuildFile; fileRef = 4AD03F302F66BC2700A0683A /* README.md */; };
		4AD03F372F66BC2700A0683A /* icons in Resources */ = {isa = PBXBuildFile; fileRef = 4AD03F312F66BC2700A0683A /* icons */; };
		4AD03F382F66BC2700A0683A /* manifest.json in Resources */ = {isa = PBXBuildFile; fileRef = 4AD03F322F66BC2700A0683A /* manifest.json */; };
		4AD03F392F66BC2700A0683A /* popup.css in Resources */ = {isa = PBXBuildFile; fileRef = 4AD03F332F66BC2700A0683A /* popup.css */; };
/* End PBXBuildFile section */

/* Begin PBXContainerItemProxy section */
		4AD03F1E2F66BC2700A0683A /* PBXContainerItemProxy */ = {
			isa = PBXContainerItemProxy;
			containerPortal = 4AD03EF92F66BC2600A0683A /* Project object */;
			proxyType = 1;
			remoteGlobalIDString = 4AD03F1B2F66BC2700A0683A;
			remoteInfo = "Flux Safari Extension";
		};
/* End PBXContainerItemProxy section */

/* Begin PBXCopyFilesBuildPhase section */
		4AD03F292F66BC2700A0683A /* Embed Foundation Extensions */ = {
			isa = PBXCopyFilesBuildPhase;
			buildActionMask = 2147483647;
			dstPath = "";
			dstSubfolderSpec = 13;
			files = (
				4AD03F1D2F66BC2700A0683A /* Flux Safari Extension.appex in Embed Foundation Extensions */,
			);
			name = "Embed Foundation Extensions";
			runOnlyForDeploymentPostprocessing = 0;
		};
/* End PBXCopyFilesBuildPhase section */

/* Begin PBXFileReference section */
		4AD03F012F66BC2600A0683A /* Flux Safari.app */ = {isa = PBXFileReference; explicitFileType = wrapper.application; includeInIndex = 0; path = "Flux Safari.app"; sourceTree = BUILT_PRODUCTS_DIR; };
		4AD03F042F66BC2600A0683A /* AppDelegate.swift */ = {isa = PBXFileReference; lastKnownFileType = sourcecode.swift; path = AppDelegate.swift; sourceTree = "<group>"; };
		4AD03F082F66BC2600A0683A /* Base */ = {isa = PBXFileReference; lastKnownFileType = text.html; name = Base; path = Base.lproj/Main.html; sourceTree = "<group>"; };
		4AD03F0A2F66BC2600A0683A /* Icon.png */ = {isa = PBXFileReference; lastKnownFileType = image.png; path = Icon.png; sourceTree = "<group>"; };
		4AD03F0C2F66BC2600A0683A /* Style.css */ = {isa = PBXFileReference; lastKnownFileType = text.css; path = Style.css; sourceTree = "<group>"; };
		4AD03F0E2F66BC2600A0683A /* Script.js */ = {isa = PBXFileReference; lastKnownFileType = sourcecode.javascript; path = Script.js; sourceTree = "<group>"; };
		4AD03F102F66BC2600A0683A /* ViewController.swift */ = {isa = PBXFileReference; lastKnownFileType = sourcecode.swift; path = ViewController.swift; sourceTree = "<group>"; };
		4AD03F132F66BC2600A0683A /* Base */ = {isa = PBXFileReference; lastKnownFileType = file.storyboard; name = Base; path = Base.lproj/Main.storyboard; sourceTree = "<group>"; };
		4AD03F152F66BC2700A0683A /* Assets.xcassets */ = {isa = PBXFileReference; lastKnownFileType = folder.assetcatalog; path = Assets.xcassets; sourceTree = "<group>"; };
		4AD03F172F66BC2700A0683A /* Info.plist */ = {isa = PBXFileReference; lastKnownFileType = text.plist.xml; path = Info.plist; sourceTree = "<group>"; };
		4AD03F1C2F66BC2700A0683A /* Flux Safari Extension.appex */ = {isa = PBXFileReference; explicitFileType = "wrapper.app-extension"; includeInIndex = 0; path = "Flux Safari Extension.appex"; sourceTree = BUILT_PRODUCTS_DIR; };
		4AD03F212F66BC2700A0683A /* SafariWebExtensionHandler.swift */ = {isa = PBXFileReference; lastKnownFileType = sourcecode.swift; path = SafariWebExtensionHandler.swift; sourceTree = "<group>"; };
		4AD03F232F66BC2700A0683A /* Info.plist */ = {isa = PBXFileReference; lastKnownFileType = text.plist.xml; path = Info.plist; sourceTree = "<group>"; };
		4AD03F2E2F66BC2700A0683A /* popup.js */ = {isa = PBXFileReference; lastKnownFileType = sourcecode.javascript; name = popup.js; path = ../../../ChromeExtension/popup.js; sourceTree = "<group>"; };
		4AD03F2F2F66BC2700A0683A /* popup.html */ = {isa = PBXFileReference; lastKnownFileType = text.html; name = popup.html; path = ../../../ChromeExtension/popup.html; sourceTree = "<group>"; };
		4AD03F302F66BC2700A0683A /* README.md */ = {isa = PBXFileReference; lastKnownFileType = net.daringfireball.markdown; name = README.md; path = ../../../ChromeExtension/README.md; sourceTree = "<group>"; };
		4AD03F312F66BC2700A0683A /* icons */ = {isa = PBXFileReference; lastKnownFileType = folder; name = icons; path = ../../../ChromeExtension/icons; sourceTree = "<group>"; };
		4AD03F322F66BC2700A0683A /* manifest.json */ = {isa = PBXFileReference; lastKnownFileType = text.json; name = manifest.json; path = ../../../ChromeExtension/manifest.json; sourceTree = "<group>"; };
		4AD03F332F66BC2700A0683A /* popup.css */ = {isa = PBXFileReference; lastKnownFileType = text.css; name = popup.css; path = ../../../ChromeExtension/popup.css; sourceTree = "<group>"; };
/* End PBXFileReference section */

/* Begin PBXFrameworksBuildPhase section */
		4AD03EFE2F66BC2600A0683A /* Frameworks */ = {
			isa = PBXFrameworksBuildPhase;
			buildActionMask = 2147483647;
			files = (
			);
			runOnlyForDeploymentPostprocessing = 0;
		};
		4AD03F192F66BC2700A0683A /* Frameworks */ = {
			isa = PBXFrameworksBuildPhase;
			buildActionMask = 2147483647;
			files = (
			);
			runOnlyForDeploymentPostprocessing = 0;
		};
/* End PBXFrameworksBuildPhase section */

/* Begin PBXGroup section */
		4AD03EF82F66BC2600A0683A = {
			isa = PBXGroup;
			children = (
				4AD03F032F66BC2600A0683A /* Flux Safari */,
				4AD03F202F66BC2700A0683A /* Flux Safari Extension */,
				4AD03F022F66BC2600A0683A /* Products */,
			);
			sourceTree = "<group>";
		};
		4AD03F022F66BC2600A0683A /* Products */ = {
			isa = PBXGroup;
			children = (
				4AD03F012F66BC2600A0683A /* Flux Safari.app */,
				4AD03F1C2F66BC2700A0683A /* Flux Safari Extension.appex */,
			);
			name = Products;
			sourceTree = "<group>";
		};
		4AD03F032F66BC2600A0683A /* Flux Safari */ = {
			isa = PBXGroup;
			children = (
				4AD03F042F66BC2600A0683A /* AppDelegate.swift */,
				4AD03F102F66BC2600A0683A /* ViewController.swift */,
				4AD03F122F66BC2600A0683A /* Main.storyboard */,
				4AD03F152F66BC2700A0683A /* Assets.xcassets */,
				4AD03F172F66BC2700A0683A /* Info.plist */,
				4AD03F062F66BC2600A0683A /* Resources */,
			);
			path = "Flux Safari";
			sourceTree = "<group>";
		};
		4AD03F062F66BC2600A0683A /* Resources */ = {
			isa = PBXGroup;
			children = (
				4AD03F072F66BC2600A0683A /* Main.html */,
				4AD03F0A2F66BC2600A0683A /* Icon.png */,
				4AD03F0C2F66BC2600A0683A /* Style.css */,
				4AD03F0E2F66BC2600A0683A /* Script.js */,
			);
			path = Resources;
			sourceTree = "<group>";
		};
		4AD03F202F66BC2700A0683A /* Flux Safari Extension */ = {
			isa = PBXGroup;
			children = (
				4AD03F2D2F66BC2700A0683A /* Resources */,
				4AD03F212F66BC2700A0683A /* SafariWebExtensionHandler.swift */,
				4AD03F232F66BC2700A0683A /* Info.plist */,
			);
			path = "Flux Safari Extension";
			sourceTree = "<group>";
		};
		4AD03F2D2F66BC2700A0683A /* Resources */ = {
			isa = PBXGroup;
			children = (
				4AD03F2E2F66BC2700A0683A /* popup.js */,
				4AD03F2F2F66BC2700A0683A /* popup.html */,
				4AD03F302F66BC2700A0683A /* README.md */,
				4AD03F312F66BC2700A0683A /* icons */,
				4AD03F322F66BC2700A0683A /* manifest.json */,
				4AD03F332F66BC2700A0683A /* popup.css */,
			);
			name = Resources;
			path = "Flux Safari Extension";
			sourceTree = SOURCE_ROOT;
		};
/* End PBXGroup section */

/* Begin PBXNativeTarget section */
		4AD03F002F66BC2600A0683A /* Flux Safari */ = {
			isa = PBXNativeTarget;
			buildConfigurationList = 4AD03F2A2F66BC2700A0683A /* Build configuration list for PBXNativeTarget "Flux Safari" */;
			buildPhases = (
				4AD03EFD2F66BC2600A0683A /* Sources */,
				4AD03EFE2F66BC2600A0683A /* Frameworks */,
				4AD03EFF2F66BC2600A0683A /* Resources */,
				4AD03F292F66BC2700A0683A /* Embed Foundation Extensions */,
			);
			buildRules = (
			);
			dependencies = (
				4AD03F1F2F66BC2700A0683A /* PBXTargetDependency */,
			);
			name = "Flux Safari";
			packageProductDependencies = (
			);
			productName = "Flux Safari";
			productReference = 4AD03F012F66BC2600A0683A /* Flux Safari.app */;
			productType = "com.apple.product-type.application";
		};
		4AD03F1B2F66BC2700A0683A /* Flux Safari Extension */ = {
			isa = PBXNativeTarget;
			buildConfigurationList = 4AD03F262F66BC2700A0683A /* Build configuration list for PBXNativeTarget "Flux Safari Extension" */;
			buildPhases = (
				4AD03F182F66BC2700A0683A /* Sources */,
				4AD03F192F66BC2700A0683A /* Frameworks */,
				4AD03F1A2F66BC2700A0683A /* Resources */,
			);
			buildRules = (
			);
			dependencies = (
			);
			name = "Flux Safari Extension";
			packageProductDependencies = (
			);
			productName = "Flux Safari Extension";
			productReference = 4AD03F1C2F66BC2700A0683A /* Flux Safari Extension.appex */;
			productType = "com.apple.product-type.app-extension";
		};
/* End PBXNativeTarget section */

/* Begin PBXProject section */
		4AD03EF92F66BC2600A0683A /* Project object */ = {
			isa = PBXProject;
			attributes = {
				BuildIndependentTargetsInParallel = 1;
				LastSwiftUpdateCheck = 2620;
				LastUpgradeCheck = 2620;
				TargetAttributes = {
					4AD03F002F66BC2600A0683A = {
						CreatedOnToolsVersion = 26.2;
					};
					4AD03F1B2F66BC2700A0683A = {
						CreatedOnToolsVersion = 26.2;
					};
				};
			};
			buildConfigurationList = 4AD03EFC2F66BC2600A0683A /* Build configuration list for PBXProject "Flux Safari" */;
			developmentRegion = en;
			hasScannedForEncodings = 0;
			knownRegions = (
				en,
				Base,
			);
			mainGroup = 4AD03EF82F66BC2600A0683A;
			minimizedProjectReferenceProxies = 1;
			preferredProjectObjectVersion = 77;
			productRefGroup = 4AD03F022F66BC2600A0683A /* Products */;
			projectDirPath = "";
			projectRoot = "";
			targets = (
				4AD03F002F66BC2600A0683A /* Flux Safari */,
				4AD03F1B2F66BC2700A0683A /* Flux Safari Extension */,
			);
		};
/* End PBXProject section */

/* Begin PBXResourcesBuildPhase section */
		4AD03EFF2F66BC2600A0683A /* Resources */ = {
			isa = PBXResourcesBuildPhase;
			buildActionMask = 2147483647;
			files = (
				4AD03F0B2F66BC2600A0683A /* Icon.png in Resources */,
				4AD03F142F66BC2600A0683A /* Main.storyboard in Resources */,
				4AD03F0F2F66BC2600A0683A /* Script.js in Resources */,
				4AD03F092F66BC2600A0683A /* Main.html in Resources */,
				4AD03F162F66BC2700A0683A /* Assets.xcassets in Resources */,
				4AD03F0D2F66BC2600A0683A /* Style.css in Resources */,
			);
			runOnlyForDeploymentPostprocessing = 0;
		};
		4AD03F1A2F66BC2700A0683A /* Resources */ = {
			isa = PBXResourcesBuildPhase;
			buildActionMask = 2147483647;
			files = (
				4AD03F362F66BC2700A0683A /* README.md in Resources */,
				4AD03F372F66BC2700A0683A /* icons in Resources */,
				4AD03F392F66BC2700A0683A /* popup.css in Resources */,
				4AD03F382F66BC2700A0683A /* manifest.json in Resources */,
				4AD03F342F66BC2700A0683A /* popup.js in Resources */,
				4AD03F352F66BC2700A0683A /* popup.html in Resources */,
			);
			runOnlyForDeploymentPostprocessing = 0;
		};
/* End PBXResourcesBuildPhase section */

/* Begin PBXSourcesBuildPhase section */
		4AD03EFD2F66BC2600A0683A /* Sources */ = {
			isa = PBXSourcesBuildPhase;
			buildActionMask = 2147483647;
			files = (
				4AD03F112F66BC2600A0683A /* ViewController.swift in Sources */,
				4AD03F052F66BC2600A0683A /* AppDelegate.swift in Sources */,
			);
			runOnlyForDeploymentPostprocessing = 0;
		};
		4AD03F182F66BC2700A0683A /* Sources */ = {
			isa = PBXSourcesBuildPhase;
			buildActionMask = 2147483647;
			files = (
				4AD03F222F66BC2700A0683A /* SafariWebExtensionHandler.swift in Sources */,
			);
			runOnlyForDeploymentPostprocessing = 0;
		};
/* End PBXSourcesBuildPhase section */

/* Begin PBXTargetDependency section */
		4AD03F1F2F66BC2700A0683A /* PBXTargetDependency */ = {
			isa = PBXTargetDependency;
			target = 4AD03F1B2F66BC2700A0683A /* Flux Safari Extension */;
			targetProxy = 4AD03F1E2F66BC2700A0683A /* PBXContainerItemProxy */;
		};
/* End PBXTargetDependency section */

/* Begin PBXVariantGroup section */
		4AD03F072F66BC2600A0683A /* Main.html */ = {
			isa = PBXVariantGroup;
			children = (
				4AD03F082F66BC2600A0683A /* Base */,
			);
			name = Main.html;
			sourceTree = "<group>";
		};
		4AD03F122F66BC2600A0683A /* Main.storyboard */ = {
			isa = PBXVariantGroup;
			children = (
				4AD03F132F66BC2600A0683A /* Base */,
			);
			name = Main.storyboard;
			sourceTree = "<group>";
		};
/* End PBXVariantGroup section */

/* Begin XCBuildConfiguration section */
		4AD03F242F66BC2700A0683A /* Debug */ = {
			isa = XCBuildConfiguration;
			buildSettings = {
				ALWAYS_SEARCH_USER_PATHS = NO;
				ASSETCATALOG_COMPILER_GENERATE_SWIFT_ASSET_SYMBOL_EXTENSIONS = YES;
				CLANG_ANALYZER_NONNULL = YES;
				CLANG_ANALYZER_NUMBER_OBJECT_CONVERSION = YES_AGGRESSIVE;
				CLANG_CXX_LANGUAGE_STANDARD = "gnu++20";
				CLANG_ENABLE_MODULES = YES;
				CLANG_ENABLE_OBJC_ARC = YES;
				CLANG_ENABLE_OBJC_WEAK = YES;
				CLANG_WARN_BLOCK_CAPTURE_AUTORELEASING = YES;
				CLANG_WARN_BOOL_CONVERSION = YES;
				CLANG_WARN_COMMA = YES;
				CLANG_WARN_CONSTANT_CONVERSION = YES;
				CLANG_WARN_DEPRECATED_OBJC_IMPLEMENTATIONS = YES;
				CLANG_WARN_DIRECT_OBJC_ISA_USAGE = YES_ERROR;
				CLANG_WARN_DOCUMENTATION_COMMENTS = YES;
				CLANG_WARN_EMPTY_BODY = YES;
				CLANG_WARN_ENUM_CONVERSION = YES;
				CLANG_WARN_INFINITE_RECURSION = YES;
				CLANG_WARN_INT_CONVERSION = YES;
				CLANG_WARN_NON_LITERAL_NULL_CONVERSION = YES;
				CLANG_WARN_OBJC_IMPLICIT_RETAIN_SELF = YES;
				CLANG_WARN_OBJC_LITERAL_CONVERSION = YES;
				CLANG_WARN_OBJC_ROOT_CLASS = YES_ERROR;
				CLANG_WARN_QUOTED_INCLUDE_IN_FRAMEWORK_HEADER = YES;
				CLANG_WARN_RANGE_LOOP_ANALYSIS = YES;
				CLANG_WARN_STRICT_PROTOTYPES = YES;
				CLANG_WARN_SUSPICIOUS_MOVE = YES;
				CLANG_WARN_UNGUARDED_AVAILABILITY = YES_AGGRESSIVE;
				CLANG_WARN_UNREACHABLE_CODE = YES;
				CLANG_WARN__DUPLICATE_METHOD_MATCH = YES;
				COPY_PHASE_STRIP = NO;
				DEBUG_INFORMATION_FORMAT = dwarf;
				ENABLE_STRICT_OBJC_MSGSEND = YES;
				ENABLE_TESTABILITY = YES;
				ENABLE_USER_SCRIPT_SANDBOXING = YES;
				GCC_C_LANGUAGE_STANDARD = gnu17;
				GCC_DYNAMIC_NO_PIC = NO;
				GCC_NO_COMMON_BLOCKS = YES;
				GCC_OPTIMIZATION_LEVEL = 0;
				GCC_PREPROCESSOR_DEFINITIONS = (
					"DEBUG=1",
					"$(inherited)",
				);
				GCC_WARN_64_TO_32_BIT_CONVERSION = YES;
				GCC_WARN_ABOUT_RETURN_TYPE = YES_ERROR;
				GCC_WARN_UNDECLARED_SELECTOR = YES;
				GCC_WARN_UNINITIALIZED_AUTOS = YES_AGGRESSIVE;
				GCC_WARN_UNUSED_FUNCTION = YES;
				GCC_WARN_UNUSED_VARIABLE = YES;
				LOCALIZATION_PREFERS_STRING_CATALOGS = YES;
				MACOSX_DEPLOYMENT_TARGET = 26.2;
				MTL_ENABLE_DEBUG_INFO = INCLUDE_SOURCE;
				MTL_FAST_MATH = YES;
				ONLY_ACTIVE_ARCH = YES;
				SDKROOT = macosx;
				SWIFT_ACTIVE_COMPILATION_CONDITIONS = "DEBUG $(inherited)";
				SWIFT_OPTIMIZATION_LEVEL = "-Onone";
			};
			name = Debug;
		};
		4AD03F252F66BC2700A0683A /* Release */ = {
			isa = XCBuildConfiguration;
			buildSettings = {
				ALWAYS_SEARCH_USER_PATHS = NO;
				ASSETCATALOG_COMPILER_GENERATE_SWIFT_ASSET_SYMBOL_EXTENSIONS = YES;
				CLANG_ANALYZER_NONNULL = YES;
				CLANG_ANALYZER_NUMBER_OBJECT_CONVERSION = YES_AGGRESSIVE;
				CLANG_CXX_LANGUAGE_STANDARD = "gnu++20";
				CLANG_ENABLE_MODULES = YES;
				CLANG_ENABLE_OBJC_ARC = YES;
				CLANG_ENABLE_OBJC_WEAK = YES;
				CLANG_WARN_BLOCK_CAPTURE_AUTORELEASING = YES;
				CLANG_WARN_BOOL_CONVERSION = YES;
				CLANG_WARN_COMMA = YES;
				CLANG_WARN_CONSTANT_CONVERSION = YES;
				CLANG_WARN_DEPRECATED_OBJC_IMPLEMENTATIONS = YES;
				CLANG_WARN_DIRECT_OBJC_ISA_USAGE = YES_ERROR;
				CLANG_WARN_DOCUMENTATION_COMMENTS = YES;
				CLANG_WARN_EMPTY_BODY = YES;
				CLANG_WARN_ENUM_CONVERSION = YES;
				CLANG_WARN_INFINITE_RECURSION = YES;
				CLANG_WARN_INT_CONVERSION = YES;
				CLANG_WARN_NON_LITERAL_NULL_CONVERSION = YES;
				CLANG_WARN_OBJC_IMPLICIT_RETAIN_SELF = YES;
				CLANG_WARN_OBJC_LITERAL_CONVERSION = YES;
				CLANG_WARN_OBJC_ROOT_CLASS = YES_ERROR;
				CLANG_WARN_QUOTED_INCLUDE_IN_FRAMEWORK_HEADER = YES;
				CLANG_WARN_RANGE_LOOP_ANALYSIS = YES;
				CLANG_WARN_STRICT_PROTOTYPES = YES;
				CLANG_WARN_SUSPICIOUS_MOVE = YES;
				CLANG_WARN_UNGUARDED_AVAILABILITY = YES_AGGRESSIVE;
				CLANG_WARN_UNREACHABLE_CODE = YES;
				CLANG_WARN__DUPLICATE_METHOD_MATCH = YES;
				COPY_PHASE_STRIP = NO;
				DEBUG_INFORMATION_FORMAT = "dwarf-with-dsym";
				ENABLE_NS_ASSERTIONS = NO;
				ENABLE_STRICT_OBJC_MSGSEND = YES;
				ENABLE_USER_SCRIPT_SANDBOXING = YES;
				GCC_C_LANGUAGE_STANDARD = gnu17;
				GCC_NO_COMMON_BLOCKS = YES;
				GCC_WARN_64_TO_32_BIT_CONVERSION = YES;
				GCC_WARN_ABOUT_RETURN_TYPE = YES_ERROR;
				GCC_WARN_UNDECLARED_SELECTOR = YES;
				GCC_WARN_UNINITIALIZED_AUTOS = YES_AGGRESSIVE;
				GCC_WARN_UNUSED_FUNCTION = YES;
				GCC_WARN_UNUSED_VARIABLE = YES;
				LOCALIZATION_PREFERS_STRING_CATALOGS = YES;
				MACOSX_DEPLOYMENT_TARGET = 26.2;
				MTL_ENABLE_DEBUG_INFO = NO;
				MTL_FAST_MATH = YES;
				SDKROOT = macosx;
				SWIFT_COMPILATION_MODE = wholemodule;
			};
			name = Release;
		};
		4AD03F272F66BC2700A0683A /* Debug */ = {
			isa = XCBuildConfiguration;
			buildSettings = {
				CODE_SIGN_STYLE = Automatic;
				CURRENT_PROJECT_VERSION = 1;
				ENABLE_APP_SANDBOX = YES;
				ENABLE_HARDENED_RUNTIME = YES;
				ENABLE_USER_SELECTED_FILES = readonly;
				GENERATE_INFOPLIST_FILE = YES;
				INFOPLIST_FILE = "Flux Safari Extension/Info.plist";
				INFOPLIST_KEY_CFBundleDisplayName = "Flux Safari Extension";
				INFOPLIST_KEY_NSHumanReadableCopyright = "";
				LD_RUNPATH_SEARCH_PATHS = (
					"$(inherited)",
					"@executable_path/../Frameworks",
					"@executable_path/../../../../Frameworks",
				);
				MACOSX_DEPLOYMENT_TARGET = 10.14;
				MARKETING_VERSION = 1.0;
				OTHER_LDFLAGS = (
					"-framework",
					SafariServices,
				);
				PRODUCT_BUNDLE_IDENTIFIER = com.adriendonot.fluxsafari.extension;
				PRODUCT_NAME = "$(TARGET_NAME)";
				SKIP_INSTALL = YES;
				STRING_CATALOG_GENERATE_SYMBOLS = YES;
				SWIFT_APPROACHABLE_CONCURRENCY = YES;
				SWIFT_EMIT_LOC_STRINGS = YES;
				SWIFT_UPCOMING_FEATURE_MEMBER_IMPORT_VISIBILITY = YES;
				SWIFT_VERSION = 5.0;
			};
			name = Debug;
		};
		4AD03F282F66BC2700A0683A /* Release */ = {
			isa = XCBuildConfiguration;
			buildSettings = {
				CODE_SIGN_STYLE = Automatic;
				CURRENT_PROJECT_VERSION = 1;
				ENABLE_APP_SANDBOX = YES;
				ENABLE_HARDENED_RUNTIME = YES;
				ENABLE_USER_SELECTED_FILES = readonly;
				GENERATE_INFOPLIST_FILE = YES;
				INFOPLIST_FILE = "Flux Safari Extension/Info.plist";
				INFOPLIST_KEY_CFBundleDisplayName = "Flux Safari Extension";
				INFOPLIST_KEY_NSHumanReadableCopyright = "";
				LD_RUNPATH_SEARCH_PATHS = (
					"$(inherited)",
					"@executable_path/../Frameworks",
					"@executable_path/../../../../Frameworks",
				);
				MACOSX_DEPLOYMENT_TARGET = 10.14;
				MARKETING_VERSION = 1.0;
				OTHER_LDFLAGS = (
					"-framework",
					SafariServices,
				);
				PRODUCT_BUNDLE_IDENTIFIER = com.adriendonot.fluxsafari.extension;
				PRODUCT_NAME = "$(TARGET_NAME)";
				SKIP_INSTALL = YES;
				STRING_CATALOG_GENERATE_SYMBOLS = YES;
				SWIFT_APPROACHABLE_CONCURRENCY = YES;
				SWIFT_EMIT_LOC_STRINGS = YES;
				SWIFT_UPCOMING_FEATURE_MEMBER_IMPORT_VISIBILITY = YES;
				SWIFT_VERSION = 5.0;
			};
			name = Release;
		};
		4AD03F2B2F66BC2700A0683A /* Debug */ = {
			isa = XCBuildConfiguration;
			buildSettings = {
				ASSETCATALOG_COMPILER_APPICON_NAME = AppIcon;
				ASSETCATALOG_COMPILER_GLOBAL_ACCENT_COLOR_NAME = AccentColor;
				CODE_SIGN_STYLE = Automatic;
				COMBINE_HIDPI_IMAGES = YES;
				CURRENT_PROJECT_VERSION = 1;
				ENABLE_APP_SANDBOX = YES;
				ENABLE_HARDENED_RUNTIME = YES;
				ENABLE_OUTGOING_NETWORK_CONNECTIONS = YES;
				ENABLE_USER_SELECTED_FILES = readonly;
				GENERATE_INFOPLIST_FILE = YES;
				INFOPLIST_FILE = "Flux Safari/Info.plist";
				INFOPLIST_KEY_CFBundleDisplayName = "Flux Safari";
				INFOPLIST_KEY_NSHumanReadableCopyright = "";
				INFOPLIST_KEY_NSMainStoryboardFile = Main;
				INFOPLIST_KEY_NSPrincipalClass = NSApplication;
				LD_RUNPATH_SEARCH_PATHS = (
					"$(inherited)",
					"@executable_path/../Frameworks",
				);
				MARKETING_VERSION = 1.0;
				OTHER_LDFLAGS = (
					"-framework",
					SafariServices,
					"-framework",
					WebKit,
				);
				PRODUCT_BUNDLE_IDENTIFIER = com.adriendonot.fluxsafari;
				PRODUCT_NAME = "$(TARGET_NAME)";
				REGISTER_APP_GROUPS = YES;
				STRING_CATALOG_GENERATE_SYMBOLS = YES;
				SWIFT_APPROACHABLE_CONCURRENCY = YES;
				SWIFT_DEFAULT_ACTOR_ISOLATION = MainActor;
				SWIFT_EMIT_LOC_STRINGS = YES;
				SWIFT_UPCOMING_FEATURE_MEMBER_IMPORT_VISIBILITY = YES;
				SWIFT_VERSION = 5.0;
			};
			name = Debug;
		};
		4AD03F2C2F66BC2700A0683A /* Release */ = {
			isa = XCBuildConfiguration;
			buildSettings = {
				ASSETCATALOG_COMPILER_APPICON_NAME = AppIcon;
				ASSETCATALOG_COMPILER_GLOBAL_ACCENT_COLOR_NAME = AccentColor;
				CODE_SIGN_STYLE = Automatic;
				COMBINE_HIDPI_IMAGES = YES;
				CURRENT_PROJECT_VERSION = 1;
				ENABLE_APP_SANDBOX = YES;
				ENABLE_HARDENED_RUNTIME = YES;
				ENABLE_OUTGOING_NETWORK_CONNECTIONS = YES;
				ENABLE_USER_SELECTED_FILES = readonly;
				GENERATE_INFOPLIST_FILE = YES;
				INFOPLIST_FILE = "Flux Safari/Info.plist";
				INFOPLIST_KEY_CFBundleDisplayName = "Flux Safari";
				INFOPLIST_KEY_NSHumanReadableCopyright = "";
				INFOPLIST_KEY_NSMainStoryboardFile = Main;
				INFOPLIST_KEY_NSPrincipalClass = NSApplication;
				LD_RUNPATH_SEARCH_PATHS = (
					"$(inherited)",
					"@executable_path/../Frameworks",
				);
				MARKETING_VERSION = 1.0;
				OTHER_LDFLAGS = (
					"-framework",
					SafariServices,
					"-framework",
					WebKit,
				);
				PRODUCT_BUNDLE_IDENTIFIER = com.adriendonot.fluxsafari;
				PRODUCT_NAME = "$(TARGET_NAME)";
				REGISTER_APP_GROUPS = YES;
				STRING_CATALOG_GENERATE_SYMBOLS = YES;
				SWIFT_APPROACHABLE_CONCURRENCY = YES;
				SWIFT_DEFAULT_ACTOR_ISOLATION = MainActor;
				SWIFT_EMIT_LOC_STRINGS = YES;
				SWIFT_UPCOMING_FEATURE_MEMBER_IMPORT_VISIBILITY = YES;
				SWIFT_VERSION = 5.0;
			};
			name = Release;
		};
/* End XCBuildConfiguration section */

/* Begin XCConfigurationList section */
		4AD03EFC2F66BC2600A0683A /* Build configuration list for PBXProject "Flux Safari" */ = {
			isa = XCConfigurationList;
			buildConfigurations = (
				4AD03F242F66BC2700A0683A /* Debug */,
				4AD03F252F66BC2700A0683A /* Release */,
			);
			defaultConfigurationIsVisible = 0;
			defaultConfigurationName = Release;
		};
		4AD03F262F66BC2700A0683A /* Build configuration list for PBXNativeTarget "Flux Safari Extension" */ = {
			isa = XCConfigurationList;
			buildConfigurations = (
				4AD03F272F66BC2700A0683A /* Debug */,
				4AD03F282F66BC2700A0683A /* Release */,
			);
			defaultConfigurationIsVisible = 0;
			defaultConfigurationName = Release;
		};
		4AD03F2A2F66BC2700A0683A /* Build configuration list for PBXNativeTarget "Flux Safari" */ = {
			isa = XCConfigurationList;
			buildConfigurations = (
				4AD03F2B2F66BC2700A0683A /* Debug */,
				4AD03F2C2F66BC2700A0683A /* Release */,
			);
			defaultConfigurationIsVisible = 0;
			defaultConfigurationName = Release;
		};
/* End XCConfigurationList section */
	};
	rootObject = 4AD03EF92F66BC2600A0683A /* Project object */;
}
