{
  "originHash" : "e16f5a10b6d6099a99ad8125866b191a78b016da81ac48d6021fa01a25c095de",
  "pins" : [
    {
      "identity" : "feedkit",
      "kind" : "remoteSourceControl",
      "location" : "https://github.com/nmdias/FeedKit.git",
      "state" : {
        "revision" : "e55b2cafaf67370092c91193cfb8a8b008e05888",
        "version" : "10.4.0"
      }
    },
    {
      "identity" : "grid",
      "kind" : "remoteSourceControl",
      "location" : "https://github.com/exyte/Grid",
      "state" : {
        "revision" : "65329599b1bbedbfd06eb5a432bab58403c27a8e",
        "version" : "1.5.0"
      }
    },
    {
      "identity" : "swiftsoup",
      "kind" : "remoteSourceControl",
      "location" : "https://github.com/scinfu/SwiftSoup.git",
      "state" : {
        "revision" : "6c7915e16f729857aec3e99068c361e58a00ed68",
        "version" : "2.13.4"
      }
    }
  ],
  "version" : 3
}
